// !$*UTF8*$!
{
	archiveVersion = 1;
	classes = {
	};
	objectVersion = 46;
	objects = {

/* Begin PBXBuildFile section */
		ABD692B11F0697F800901FA7 /* AppDelegate.swift in Sources */ = {isa = PBXBuildFile; fileRef = ABD692B01F0697F800901FA7 /* AppDelegate.swift */; };
		ABD692B31F0697F800901FA7 /* BoardGameViewController.swift in Sources */ = {isa = PBXBuildFile; fileRef = ABD692B21F0697F800901FA7 /* BoardGameViewController.swift */; };
		ABD692B61F0697F800901FA7 /* Main.storyboard in Resources */ = {isa = PBXBuildFile; fileRef = ABD692B41F0697F800901FA7 /* Main.storyboard */; };
		ABD692B81F0697F800901FA7 /* Assets.xcassets in Resources */ = {isa = PBXBuildFile; fileRef = ABD692B71F0697F800901FA7 /* Assets.xcassets */; };
		ABD692BB1F0697F800901FA7 /* LaunchScreen.storyboard in Resources */ = {isa = PBXBuildFile; fileRef = ABD692B91F0697F800901FA7 /* LaunchScreen.storyboard */; };
		ABD737D81F06A54E00C4B154 /* GridCell.swift in Sources */ = {isa = PBXBuildFile; fileRef = ABD737D71F06A54E00C4B154 /* GridCell.swift */; };
		ABD737DA1F06A65100C4B154 /* Board.swift in Sources */ = {isa = PBXBuildFile; fileRef = ABD737D91F06A65100C4B154 /* Board.swift */; };
/* End PBXBuildFile section */

/* Begin PBXFileReference section */
		ABD692AD1F0697F800901FA7 /* Battleship.app */ = {isa = PBXFileReference; explicitFileType = wrapper.application; includeInIndex = 0; path = Battleship.app; sourceTree = BUILT_PRODUCTS_DIR; };
		ABD692B01F0697F800901FA7 /* AppDelegate.swift */ = {isa = PBXFileReference; lastKnownFileType = sourcecode.swift; path = AppDelegate.swift; sourceTree = "<group>"; };
		ABD692B21F0697F800901FA7 /* BoardGameViewController.swift */ = {isa = PBXFileReference; lastKnownFileType = sourcecode.swift; path = BoardGameViewController.swift; sourceTree = "<group>"; };
		ABD692B51F0697F800901FA7 /* Base */ = {isa = PBXFileReference; lastKnownFileType = file.storyboard; name = Base; path = Base.lproj/Main.storyboard; sourceTree = "<group>"; };
		ABD692B71F0697F800901FA7 /* Assets.xcassets */ = {isa = PBXFileReference; lastKnownFileType = folder.assetcatalog; path = Assets.xcassets; sourceTree = "<group>"; };
		ABD692BA1F0697F800901FA7 /* Base */ = {isa = PBXFileReference; lastKnownFileType = file.storyboard; name = Base; path = Base.lproj/LaunchScreen.storyboard; sourceTree = "<group>"; };
		ABD692BC1F0697F800901FA7 /* Info.plist */ = {isa = PBXFileReference; lastKnownFileType = text.plist.xml; path = Info.plist; sourceTree = "<group>"; };
		ABD737D71F06A54E00C4B154 /* GridCell.swift */ = {isa = PBXFileReference; fileEncoding = 4; lastKnownFileType = sourcecode.swift; path = GridCell.swift; sourceTree = "<group>"; };
		ABD737D91F06A65100C4B154 /* Board.swift */ = {isa = PBXFileReference; fileEncoding = 4; lastKnownFileType = sourcecode.swift; path = Board.swift; sourceTree = "<group>"; };
/* End PBXFileReference section */

/* Begin PBXFrameworksBuildPhase section */
		ABD692AA1F0697F800901FA7 /* Frameworks */ = {
			isa = PBXFrameworksBuildPhase;
			buildActionMask = 2147483647;
			files = (
			);
			runOnlyForDeploymentPostprocessing = 0;
		};
/* End PBXFrameworksBuildPhase section */

/* Begin PBXGroup section */
		ABD692A41F0697F800901FA7 = {
			isa = PBXGroup;
			children = (
				ABD692AF1F0697F800901FA7 /* Battleship */,
				ABD692AE1F0697F800901FA7 /* Products */,
			);
			sourceTree = "<group>";
		};
		ABD692AE1F0697F800901FA7 /* Products */ = {
			isa = PBXGroup;
			children = (
				ABD692AD1F0697F800901FA7 /* Battleship.app */,
			);
			name = Products;
			sourceTree = "<group>";
		};
		ABD692AF1F0697F800901FA7 /* Battleship */ = {
			isa = PBXGroup;
			children = (
				ABD692B01F0697F800901FA7 /* AppDelegate.swift */,
				ABD737D91F06A65100C4B154 /* Board.swift */,
				ABD737D71F06A54E00C4B154 /* GridCell.swift */,
				ABD692B21F0697F800901FA7 /* BoardGameViewController.swift */,
				ABD692B41F0697F800901FA7 /* Main.storyboard */,
				ABD692B71F0697F800901FA7 /* Assets.xcassets */,
				ABD692B91F0697F800901FA7 /* LaunchScreen.storyboard */,
				ABD692BC1F0697F800901FA7 /* Info.plist */,
			);
			path = Battleship;
			sourceTree = "<group>";
		};
/* End PBXGroup section */

/* Begin PBXNativeTarget section */
		ABD692AC1F0697F800901FA7 /* Battleship */ = {
			isa = PBXNativeTarget;
			buildConfigurationList = ABD692BF1F0697F800901FA7 /* Build configuration list for PBXNativeTarget "Battleship" */;
			buildPhases = (
				ABD692A91F0697F800901FA7 /* Sources */,
				ABD692AA1F0697F800901FA7 /* Frameworks */,
				ABD692AB1F0697F800901FA7 /* Resources */,
			);
			buildRules = (
			);
			dependencies = (
			);
			name = Battleship;
			productName = Battleship;
			productReference = ABD692AD1F0697F800901FA7 /* Battleship.app */;
			productType = "com.apple.product-type.application";
		};
/* End PBXNativeTarget section */

/* Begin PBXProject section */
		ABD692A51F0697F800901FA7 /* Project object */ = {
			isa = PBXProject;
			attributes = {
				LastSwiftUpdateCheck = 0830;
				LastUpgradeCheck = 0830;
				ORGANIZATIONNAME = Lawrey;
				TargetAttributes = {
					ABD692AC1F0697F800901FA7 = {
						CreatedOnToolsVersion = 8.3.3;
						DevelopmentTeam = 5U4MH93EC9;
						ProvisioningStyle = Automatic;
					};
				};
			};
			buildConfigurationList = ABD692A81F0697F800901FA7 /* Build configuration list for PBXProject "Battleship" */;
			compatibilityVersion = "Xcode 3.2";
			developmentRegion = English;
			hasScannedForEncodings = 0;
			knownRegions = (
				en,
				Base,
			);
			mainGroup = ABD692A41F0697F800901FA7;
			productRefGroup = ABD692AE1F0697F800901FA7 /* Products */;
			projectDirPath = "";
			projectRoot = "";
			targets = (
				ABD692AC1F0697F800901FA7 /* Battleship */,
			);
		};
/* End PBXProject section */

/* Begin PBXResourcesBuildPhase section */
		ABD692AB1F0697F800901FA7 /* Resources */ = {
			isa = PBXResourcesBuildPhase;
			buildActionMask = 2147483647;
			files = (
				ABD692BB1F0697F800901FA7 /* LaunchScreen.storyboard in Resources */,
				ABD692B81F0697F800901FA7 /* Assets.xcassets in Resources */,
				ABD692B61F0697F800901FA7 /* Main.storyboard in Resources */,
			);
			runOnlyForDeploymentPostprocessing = 0;
		};
/* End PBXResourcesBuildPhase section */

/* Begin PBXSourcesBuildPhase section */
		ABD692A91F0697F800901FA7 /* Sources */ = {
			isa = PBXSourcesBuildPhase;
			buildActionMask = 2147483647;
			files = (
				ABD692B31F0697F800901FA7 /* BoardGameViewController.swift in Sources */,
				ABD692B11F0697F800901FA7 /* AppDelegate.swift in Sources */,
				ABD737DA1F06A65100C4B154 /* Board.swift in Sources */,
				ABD737D81F06A54E00C4B154 /* GridCell.swift in Sources */,
			);
			runOnlyForDeploymentPostprocessing = 0;
		};
/* End PBXSourcesBuildPhase section */

/* Begin PBXVariantGroup section */
		ABD692B41F0697F800901FA7 /* Main.storyboard */ = {
			isa = PBXVariantGroup;
			children = (
				ABD692B51F0697F800901FA7 /* Base */,
			);
			name = Main.storyboard;
			sourceTree = "<group>";
		};
		ABD692B91F0697F800901FA7 /* LaunchScreen.storyboard */ = {
			isa = PBXVariantGroup;
			children = (
				ABD692BA1F0697F800901FA7 /* Base */,
			);
			name = LaunchScreen.storyboard;
			sourceTree = "<group>";
		};
/* End PBXVariantGroup section */

/* Begin XCBuildConfiguration section */
		ABD692BD1F0697F800901FA7 /* Debug */ = {
			isa = XCBuildConfiguration;
			buildSettings = {
				ALWAYS_SEARCH_USER_PATHS = NO;
				CLANG_ANALYZER_NONNULL = YES;
				CLANG_ANALYZER_NUMBER_OBJECT_CONVERSION = YES_AGGRESSIVE;
				CLANG_CXX_LANGUAGE_STANDARD = "gnu++0x";
				CLANG_CXX_LIBRARY = "libc++";
				CLANG_ENABLE_MODULES = YES;
				CLANG_ENABLE_OBJC_ARC = YES;
				CLANG_WARN_BOOL_CONVERSION = YES;
				CLANG_WARN_CONSTANT_CONVERSION = YES;
				CLANG_WARN_DIRECT_OBJC_ISA_USAGE = YES_ERROR;
				CLANG_WARN_DOCUMENTATION_COMMENTS = YES;
				CLANG_WARN_EMPTY_BODY = YES;
				CLANG_WARN_ENUM_CONVERSION = YES;
				CLANG_WARN_INFINITE_RECURSION = YES;
				CLANG_WARN_INT_CONVERSION = YES;
				CLANG_WARN_OBJC_ROOT_CLASS = YES_ERROR;
				CLANG_WARN_SUSPICIOUS_MOVE = YES;
				CLANG_WARN_UNREACHABLE_CODE = YES;
				CLANG_WARN__DUPLICATE_METHOD_MATCH = YES;
				"CODE_SIGN_IDENTITY[sdk=iphoneos*]" = "iPhone Developer";
				COPY_PHASE_STRIP = NO;
				DEBUG_INFORMATION_FORMAT = dwarf;
				ENABLE_STRICT_OBJC_MSGSEND = YES;
				ENABLE_TESTABILITY = YES;
				GCC_C_LANGUAGE_STANDARD = gnu99;
				GCC_DYNAMIC_NO_PIC = NO;
				GCC_NO_COMMON_BLOCKS = YES;
				GCC_OPTIMIZATION_LEVEL = 0;
				GCC_PREPROCESSOR_DEFINITIONS = (
					"DEBUG=1",
					"$(inherited)",
				);
				GCC_WARN_64_TO_32_BIT_CONVERSION = YES;
				GCC_WARN_ABOUT_RETURN_TYPE = YES_ERROR;
				GCC_WARN_UNDECLARED_SELECTOR = YES;
				GCC_WARN_UNINITIALIZED_AUTOS = YES_AGGRESSIVE;
				GCC_WARN_UNUSED_FUNCTION = YES;
				GCC_WARN_UNUSED_VARIABLE = YES;
				IPHONEOS_DEPLOYMENT_TARGET = 10.3;
				MTL_ENABLE_DEBUG_INFO = YES;
				ONLY_ACTIVE_ARCH = YES;
				SDKROOT = iphoneos;
				SWIFT_ACTIVE_COMPILATION_CONDITIONS = DEBUG;
				SWIFT_OPTIMIZATION_LEVEL = "-Onone";
				TARGETED_DEVICE_FAMILY = 2;
			};
			name = Debug;
		};
		ABD692BE1F0697F800901FA7 /* Release */ = {
			isa = XCBuildConfiguration;
			buildSettings = {
				ALWAYS_SEARCH_USER_PATHS = NO;
				CLANG_ANALYZER_NONNULL = YES;
				CLANG_ANALYZER_NUMBER_OBJECT_CONVERSION = YES_AGGRESSIVE;
				CLANG_CXX_LANGUAGE_STANDARD = "gnu++0x";
				CLANG_CXX_LIBRARY = "libc++";
				CLANG_ENABLE_MODULES = YES;
				CLANG_ENABLE_OBJC_ARC = YES;
				CLANG_WARN_BOOL_CONVERSION = YES;
				CLANG_WARN_CONSTANT_CONVERSION = YES;
				CLANG_WARN_DIRECT_OBJC_ISA_USAGE = YES_ERROR;
				CLANG_WARN_DOCUMENTATION_COMMENTS = YES;
				CLANG_WARN_EMPTY_BODY = YES;
				CLANG_WARN_ENUM_CONVERSION = YES;
				CLANG_WARN_INFINITE_RECURSION = YES;
				CLANG_WARN_INT_CONVERSION = YES;
				CLANG_WARN_OBJC_ROOT_CLASS = YES_ERROR;
				CLANG_WARN_SUSPICIOUS_MOVE = YES;
				CLANG_WARN_UNREACHABLE_CODE = YES;
				CLANG_WARN__DUPLICATE_METHOD_MATCH = YES;
				"CODE_SIGN_IDENTITY[sdk=iphoneos*]" = "iPhone Developer";
				COPY_PHASE_STRIP = NO;
				DEBUG_INFORMATION_FORMAT = "dwarf-with-dsym";
				ENABLE_NS_ASSERTIONS = NO;
				ENABLE_STRICT_OBJC_MSGSEND = YES;
				GCC_C_LANGUAGE_STANDARD = gnu99;
				GCC_NO_COMMON_BLOCKS = YES;
				GCC_WARN_64_TO_32_BIT_CONVERSION = YES;
				GCC_WARN_ABOUT_RETURN_TYPE = YES_ERROR;
				GCC_WARN_UNDECLARED_SELECTOR = YES;
				GCC_WARN_UNINITIALIZED_AUTOS = YES_AGGRESSIVE;
				GCC_WARN_UNUSED_FUNCTION = YES;
				GCC_WARN_UNUSED_VARIABLE = YES;
				IPHONEOS_DEPLOYMENT_TARGET = 10.3;
				MTL_ENABLE_DEBUG_INFO = NO;
				SDKROOT = iphoneos;
				SWIFT_OPTIMIZATION_LEVEL = "-Owholemodule";
				TARGETED_DEVICE_FAMILY = 2;
				VALIDATE_PRODUCT = YES;
			};
			name = Release;
		};
		ABD692C01F0697F800901FA7 /* Debug */ = {
			isa = XCBuildConfiguration;
			buildSettings = {
				ASSETCATALOG_COMPILER_APPICON_NAME = AppIcon;
				DEVELOPMENT_TEAM = 5U4MH93EC9;
				INFOPLIST_FILE = Battleship/Info.plist;
				LD_RUNPATH_SEARCH_PATHS = "$(inherited) @executable_path/Frameworks";
				PRODUCT_BUNDLE_IDENTIFIER = com.lawrey.Battleship;
				PRODUCT_NAME = "$(TARGET_NAME)";
				SWIFT_VERSION = 3.0;
			};
			name = Debug;
		};
		ABD692C11F0697F800901FA7 /* Release */ = {
			isa = XCBuildConfiguration;
			buildSettings = {
				ASSETCATALOG_COMPILER_APPICON_NAME = AppIcon;
				DEVELOPMENT_TEAM = 5U4MH93EC9;
				INFOPLIST_FILE = Battleship/Info.plist;
				LD_RUNPATH_SEARCH_PATHS = "$(inherited) @executable_path/Frameworks";
				PRODUCT_BUNDLE_IDENTIFIER = com.lawrey.Battleship;
				PRODUCT_NAME = "$(TARGET_NAME)";
				SWIFT_VERSION = 3.0;
			};
			name = Release;
		};
/* End XCBuildConfiguration section */

/* Begin XCConfigurationList section */
		ABD692A81F0697F800901FA7 /* Build configuration list for PBXProject "Battleship" */ = {
			isa = XCConfigurationList;
			buildConfigurations = (
				ABD692BD1F0697F800901FA7 /* Debug */,
				ABD692BE1F0697F800901FA7 /* Release */,
			);
			defaultConfigurationIsVisible = 0;
			defaultConfigurationName = Release;
		};
		ABD692BF1F0697F800901FA7 /* Build configuration list for PBXNativeTarget "Battleship" */ = {
			isa = XCConfigurationList;
			buildConfigurations = (
				ABD692C01F0697F800901FA7 /* Debug */,
				ABD692C11F0697F800901FA7 /* Release */,
			);
			defaultConfigurationIsVisible = 0;
			defaultConfigurationName = Release;
		};
/* End XCConfigurationList section */
	};
	rootObject = ABD692A51F0697F800901FA7 /* Project object */;
}
